
Microsoft Visual Studio Solution File, Format Version 12.00
# Visual Studio 15
Project("{FAE04EC0-301F-11D3-BF4B-00C04F79EFBC}") = "_11_LoShuMagicSquare", "_11_LoShuMagicSquare\_11_LoShuMagicSquare.csproj", "{EAE7BD6E-2EDD-4451-A948-9E072012B0DA}"
EndProject
Global
	GlobalSection(SolutionConfigurationPlatforms) = preSolution
		Debug|x86 = Debug|x86
		Release|x86 = Release|x86
	EndGlobalSection
	GlobalSection(ProjectConfigurationPlatforms) = postSolution
		{EAE7BD6E-2EDD-4451-A948-9E072012B0DA}.Debug|x86.ActiveCfg = Debug|x86
		{EAE7BD6E-2EDD-4451-A948-9E072012B0DA}.Debug|x86.Build.0 = Debug|x86
		{EAE7BD6E-2EDD-4451-A948-9E072012B0DA}.Release|x86.ActiveCfg = Release|x86
		{EAE7BD6E-2EDD-4451-A948-9E072012B0DA}.Release|x86.Build.0 = Release|x86
	EndGlobalSection
EndGlobal
